
Microsoft Visual Studio Solution File, Format Version 12.00
# Visual Studio 15
VisualStudioVersion = 15.0.27130.2020
MinimumVisualStudioVersion = 10.0.40219.1
Project("{FAE04EC0-301F-11D3-BF4B-00C04F79EFBC}") = "LinkedList", "LinkedList\LinkedList.csproj", "{48A301D7-0FD1-45F3-B428-F3E1E0B7AB54}"
EndProject
Global
	GlobalSection(SolutionConfigurationPlatforms) = preSolution
		Debug|Any CPU = Debug|Any CPU
		Release|Any CPU = Release|Any CPU
	EndGlobalSection
	GlobalSection(ProjectConfigurationPlatforms) = postSolution
		{48A301D7-0FD1-45F3-B428-F3E1E0B7AB54}.Debug|Any CPU.ActiveCfg = Debug|Any CPU
		{48A301D7-0FD1-45F3-B428-F3E1E0B7AB54}.Debug|Any CPU.Build.0 = Debug|Any CPU
		{48A301D7-0FD1-45F3-B428-F3E1E0B7AB54}.Release|Any CPU.ActiveCfg = Release|Any CPU
		{48A301D7-0FD1-45F3-B428-F3E1E0B7AB54}.Release|Any CPU.Build.0 = Release|Any CPU
	EndGlobalSection
	GlobalSection(SolutionProperties) = preSolution
		HideSolutionNode = FALSE
	EndGlobalSection
	GlobalSection(ExtensibilityGlobals) = postSolution
		SolutionGuid = {15D5422E-61C6-46E5-A8BE-7D041C6CAC5F}
	EndGlobalSection
EndGlobal
